{
  "name": "iottest",
  "version": "1.0.0",
  "lockfileVersion": 1,
  "requires": true,
  "dependencies": {
    "addressparser": {
      "version": "1.0.1",
      "resolved": "https://registry.npmjs.org/addressparser/-/addressparser-1.0.1.tgz",
      "integrity": "sha1-R6++GiqSYhkdtoOOT9HTm0CCF0Y="
    },
    "bindings": {
      "version": "1.3.1",
      "resolved": "https://registry.npmjs.org/bindings/-/bindings-1.3.1.tgz",
      "integrity": "sha512-i47mqjF9UbjxJhxGf+pZ6kSxrnI3wBLlnGI2ArWJ4r0VrvDS7ZYXkprq/pLaBWYq4GM0r4zdHY+NNRqEMU7uew=="
    },
    "buildmail": {
      "version": "4.0.1",
      "resolved": "https://registry.npmjs.org/buildmail/-/buildmail-4.0.1.tgz",
      "integrity": "sha1-h393OLeHKYccmhBeO4N9K+EaenI=",
      "requires": {
        "addressparser": "1.0.1",
        "libbase64": "0.1.0",
        "libmime": "3.0.0",
        "libqp": "1.1.0",
        "nodemailer-fetch": "1.6.0",
        "nodemailer-shared": "1.1.0",
        "punycode": "1.4.1"
      }
    },
    "epoll": {
      "version": "1.0.2",
      "resolved": "https://registry.npmjs.org/epoll/-/epoll-1.0.2.tgz",
      "integrity": "sha512-3t2crZPej4v60YYvXE/pgJ62D4RZBd/UsEXsHd+H3xtDre0vO8aV9O+0ThIPlfZtHJ4vMPhz55fYK1j37rX9Ng==",
      "requires": {
        "bindings": "~1.3.0",
        "nan": "~2.8.0"
      }
    },
    "gmail-send": {
      "version": "1.8.10",
      "resolved": "https://registry.npmjs.org/gmail-send/-/gmail-send-1.8.10.tgz",
      "integrity": "sha512-QMpWwzeA64U69HzOEzI37UNc73xXkhTg8LuqsfKX9W7LjiQY3yRvViVn7ZhuJWLTV4136vsLJf2sXiZKmdykbw==",
      "requires": {
        "lodash": "^4.17.15",
        "nodemailer": "^6.3.0"
      },
      "dependencies": {
        "nodemailer": {
          "version": "6.4.2",
          "resolved": "https://registry.npmjs.org/nodemailer/-/nodemailer-6.4.2.tgz",
          "integrity": "sha512-g0n4nH1ONGvqYo1v72uSWvF/MRNnnq1LzmSzXb/6EPF3LFb51akOhgG3K2+aETAsJx90/Q5eFNTntu4vBCwyQQ=="
        }
      }
    },
    "httpntlm": {
      "version": "1.6.1",
      "resolved": "https://registry.npmjs.org/httpntlm/-/httpntlm-1.6.1.tgz",
      "integrity": "sha1-rQFScUOi6Hc8+uapb1hla7UqNLI=",
      "requires": {
        "httpreq": ">=0.4.22",
        "underscore": "~1.7.0"
      }
    },
    "httpreq": {
      "version": "0.4.24",
      "resolved": "https://registry.npmjs.org/httpreq/-/httpreq-0.4.24.tgz",
      "integrity": "sha1-QzX/2CzZaWaKOUZckprGHWOTYn8="
    },
    "iconv-lite": {
      "version": "0.4.15",
      "resolved": "https://registry.npmjs.org/iconv-lite/-/iconv-lite-0.4.15.tgz",
      "integrity": "sha1-/iZaIYrGpXz+hUkn6dBMGYJe3es="
    },
    "ip": {
      "version": "1.1.5",
      "resolved": "https://registry.npmjs.org/ip/-/ip-1.1.5.tgz",
      "integrity": "sha1-vd7XARQpCCjAoDnnLvJfWq7ENUo="
    },
    "libbase64": {
      "version": "0.1.0",
      "resolved": "https://registry.npmjs.org/libbase64/-/libbase64-0.1.0.tgz",
      "integrity": "sha1-YjUag5VjrF/1vSbxL2Dpgwu3UeY="
    },
    "libmime": {
      "version": "3.0.0",
      "resolved": "https://registry.npmjs.org/libmime/-/libmime-3.0.0.tgz",
      "integrity": "sha1-UaGp50SOy9Ms2lRCFnW7IbwJPaY=",
      "requires": {
        "iconv-lite": "0.4.15",
        "libbase64": "0.1.0",
        "libqp": "1.1.0"
      }
    },
    "libqp": {
      "version": "1.1.0",
      "resolved": "https://registry.npmjs.org/libqp/-/libqp-1.1.0.tgz",
      "integrity": "sha1-9ebgatdLeU+1tbZpiL9yjvHe2+g="
    },
    "lodash": {
      "version": "4.17.19",
      "resolved": "https://registry.npmjs.org/lodash/-/lodash-4.17.19.tgz",
      "integrity": "sha512-JNvd8XER9GQX0v2qJgsaN/mzFCNA5BRe/j8JN9d+tWyGLSodKQHKFicdwNYzWwI3wjRnaKPsGj1XkBjx/F96DQ=="
    },
    "mailcomposer": {
      "version": "4.0.1",
      "resolved": "https://registry.npmjs.org/mailcomposer/-/mailcomposer-4.0.1.tgz",
      "integrity": "sha1-DhxEsqB890DuF9wUm6AJ8Zyt/rQ=",
      "requires": {
        "buildmail": "4.0.1",
        "libmime": "3.0.0"
      }
    },
    "mqtt": {
      "version": "1.14.0",
      "resolved": "https://registry.npmjs.org/mqtt/-/mqtt-1.14.0.tgz",
      "integrity": "sha1-XG8P7ZMPcAQhGmnHnzZnc4qxlzE=",
      "requires": {
        "commist": "^1.0.0",
        "concat-stream": "^1.4.7",
        "end-of-stream": "^1.1.0",
        "help-me": "^0.1.0",
        "inherits": "^2.0.1",
        "minimist": "^1.1.0",
        "mqtt-connection": "^2.0.0",
        "mqtt-packet": "^3.4.7",
        "pump": "^1.0.1",
        "readable-stream": "~1.0.2",
        "reinterval": "^1.0.1",
        "split2": "^2.0.1",
        "websocket-stream": "^3.0.1",
        "xtend": "^4.0.0"
      },
      "dependencies": {
        "commist": {
          "version": "1.0.0",
          "resolved": "https://registry.npmjs.org/commist/-/commist-1.0.0.tgz",
          "integrity": "sha1-wMNSUBz29S6RJOPvicmAbiAi6+8=",
          "requires": {
            "leven": "^1.0.0",
            "minimist": "^1.1.0"
          },
          "dependencies": {
            "leven": {
              "version": "1.0.2",
              "resolved": "https://registry.npmjs.org/leven/-/leven-1.0.2.tgz",
              "integrity": "sha1-kUS27ryl8dBoAWnxpncNzqYLdcM="
            }
          }
        },
        "concat-stream": {
          "version": "1.5.1",
          "resolved": "https://registry.npmjs.org/concat-stream/-/concat-stream-1.5.1.tgz",
          "integrity": "sha1-87gKz54fSOOHXAaItBtsMWAu6hw=",
          "requires": {
            "inherits": "~2.0.1",
            "readable-stream": "~2.0.0",
            "typedarray": "~0.0.5"
          },
          "dependencies": {
            "readable-stream": {
              "version": "2.0.6",
              "resolved": "https://registry.npmjs.org/readable-stream/-/readable-stream-2.0.6.tgz",
              "integrity": "sha1-j5A0HmilPMySh4jaz80Rs265t44=",
              "requires": {
                "core-util-is": "~1.0.0",
                "inherits": "~2.0.1",
                "isarray": "~1.0.0",
                "process-nextick-args": "~1.0.6",
                "string_decoder": "~0.10.x",
                "util-deprecate": "~1.0.1"
              },
              "dependencies": {
                "core-util-is": {
                  "version": "1.0.2",
                  "resolved": "https://registry.npmjs.org/core-util-is/-/core-util-is-1.0.2.tgz",
                  "integrity": "sha1-tf1UIgqivFq1eqtxQMlAdUUDwac="
                },
                "isarray": {
                  "version": "1.0.0",
                  "resolved": "https://registry.npmjs.org/isarray/-/isarray-1.0.0.tgz",
                  "integrity": "sha1-u5NdSFgsuhaMBoNJV6VKPgcSTxE="
                },
                "process-nextick-args": {
                  "version": "1.0.7",
                  "resolved": "https://registry.npmjs.org/process-nextick-args/-/process-nextick-args-1.0.7.tgz",
                  "integrity": "sha1-FQ4gt1ZZCtP5EJPyWk8q2L/zC6M="
                },
                "string_decoder": {
                  "version": "0.10.31",
                  "resolved": "https://registry.npmjs.org/string_decoder/-/string_decoder-0.10.31.tgz",
                  "integrity": "sha1-YuIDvEF2bGwoyfyEMB2rHFMQ+pQ="
                },
                "util-deprecate": {
                  "version": "1.0.2",
                  "resolved": "https://registry.npmjs.org/util-deprecate/-/util-deprecate-1.0.2.tgz",
                  "integrity": "sha1-RQ1Nyfpw3nMnYvvS1KKJgUGaDM8="
                }
              }
            },
            "typedarray": {
              "version": "0.0.6",
              "resolved": "https://registry.npmjs.org/typedarray/-/typedarray-0.0.6.tgz",
              "integrity": "sha1-hnrHTjhkGHsdPUfZlqeOxciDB3c="
            }
          }
        },
        "end-of-stream": {
          "version": "1.1.0",
          "resolved": "https://registry.npmjs.org/end-of-stream/-/end-of-stream-1.1.0.tgz",
          "integrity": "sha1-6TUyWLqpEIll78QcsO+K3i88+wc=",
          "requires": {
            "once": "~1.3.0"
          },
          "dependencies": {
            "once": {
              "version": "1.3.3",
              "resolved": "https://registry.npmjs.org/once/-/once-1.3.3.tgz",
              "integrity": "sha1-suJhVXzkwxTsgwTz+oJmPkKXyiA=",
              "requires": {
                "wrappy": "1"
              },
              "dependencies": {
                "wrappy": {
                  "version": "1.0.2",
                  "resolved": "https://registry.npmjs.org/wrappy/-/wrappy-1.0.2.tgz",
                  "integrity": "sha1-tSQ9jz7BqjXxNkYFvA0QNuMKtp8="
                }
              }
            }
          }
        },
        "help-me": {
          "version": "0.1.0",
          "resolved": "https://registry.npmjs.org/help-me/-/help-me-0.1.0.tgz",
          "integrity": "sha1-D7OkBTetUmW2tJQTAixg01tJU5o=",
          "requires": {
            "concat-stream": "^1.4.7",
            "pump": "^1.0.0",
            "readable-stream": "^1.0.33",
            "xtend": "^4.0.0"
          }
        },
        "inherits": {
          "version": "2.0.1",
          "resolved": "https://registry.npmjs.org/inherits/-/inherits-2.0.1.tgz",
          "integrity": "sha1-sX0I0ya0Qj5Wjv9xn5GwscvfafE="
        },
        "minimist": {
          "version": "1.2.0",
          "resolved": "https://registry.npmjs.org/minimist/-/minimist-1.2.0.tgz",
          "integrity": "sha1-o1AIsg9BOD7sH7kU9M1d95omQoQ="
        },
        "mqtt-connection": {
          "version": "2.1.1",
          "resolved": "https://registry.npmjs.org/mqtt-connection/-/mqtt-connection-2.1.1.tgz",
          "integrity": "sha1-ey6YWnThlmGUML69NdoWLDTE5Wo=",
          "requires": {
            "inherits": "^2.0.1",
            "mqtt-packet": "^3.0.0",
            "reduplexer": "^1.1.0",
            "through2": "^0.6.3"
          },
          "dependencies": {
            "reduplexer": {
              "version": "1.1.0",
              "resolved": "https://registry.npmjs.org/reduplexer/-/reduplexer-1.1.0.tgz",
              "integrity": "sha1-ff7RimeedJwdetNt4BrLUV8I4UA=",
              "requires": {
                "inherits": "^2.0.1",
                "readable-stream": "~1.0.26-2"
              }
            },
            "through2": {
              "version": "0.6.5",
              "resolved": "https://registry.npmjs.org/through2/-/through2-0.6.5.tgz",
              "integrity": "sha1-QaucZ7KdVyCQcUEOHXp6lozTrUg=",
              "requires": {
                "readable-stream": ">=1.0.33-1 <1.1.0-0",
                "xtend": ">=4.0.0 <4.1.0-0"
              }
            }
          }
        },
        "mqtt-packet": {
          "version": "3.4.7",
          "resolved": "https://registry.npmjs.org/mqtt-packet/-/mqtt-packet-3.4.7.tgz",
          "integrity": "sha1-vowme+fwv2oqLU9t4oMHtuCUDl8=",
          "requires": {
            "bl": "^0.9.1",
            "inherits": "^2.0.1"
          },
          "dependencies": {
            "bl": {
              "version": "0.9.5",
              "resolved": "https://registry.npmjs.org/bl/-/bl-0.9.5.tgz",
              "integrity": "sha1-wGt5evCF6gC8Unr8jvzxHeIjIFQ=",
              "requires": {
                "readable-stream": "~1.0.26"
              }
            }
          }
        },
        "pump": {
          "version": "1.0.1",
          "resolved": "https://registry.npmjs.org/pump/-/pump-1.0.1.tgz",
          "integrity": "sha1-8fFAn7m9EIW721drQ7hOxLXq3Bo=",
          "requires": {
            "end-of-stream": "^1.1.0",
            "once": "^1.3.1"
          },
          "dependencies": {
            "once": {
              "version": "1.3.3",
              "resolved": "https://registry.npmjs.org/once/-/once-1.3.3.tgz",
              "integrity": "sha1-suJhVXzkwxTsgwTz+oJmPkKXyiA=",
              "requires": {
                "wrappy": "1"
              },
              "dependencies": {
                "wrappy": {
                  "version": "1.0.2",
                  "resolved": "https://registry.npmjs.org/wrappy/-/wrappy-1.0.2.tgz",
                  "integrity": "sha1-tSQ9jz7BqjXxNkYFvA0QNuMKtp8="
                }
              }
            }
          }
        },
        "readable-stream": {
          "version": "1.0.34",
          "resolved": "https://registry.npmjs.org/readable-stream/-/readable-stream-1.0.34.tgz",
          "integrity": "sha1-Elgg40vIQtLyqq+v5MKRbuMsFXw=",
          "requires": {
            "core-util-is": "~1.0.0",
            "inherits": "~2.0.1",
            "isarray": "0.0.1",
            "string_decoder": "~0.10.x"
          },
          "dependencies": {
            "core-util-is": {
              "version": "1.0.2",
              "resolved": "https://registry.npmjs.org/core-util-is/-/core-util-is-1.0.2.tgz",
              "integrity": "sha1-tf1UIgqivFq1eqtxQMlAdUUDwac="
            },
            "isarray": {
              "version": "0.0.1",
              "resolved": "https://registry.npmjs.org/isarray/-/isarray-0.0.1.tgz",
              "integrity": "sha1-ihis/Kmo9Bd+Cav8YDiTmwXR7t8="
            },
            "string_decoder": {
              "version": "0.10.31",
              "resolved": "https://registry.npmjs.org/string_decoder/-/string_decoder-0.10.31.tgz",
              "integrity": "sha1-YuIDvEF2bGwoyfyEMB2rHFMQ+pQ="
            }
          }
        },
        "reinterval": {
          "version": "1.1.0",
          "resolved": "https://registry.npmjs.org/reinterval/-/reinterval-1.1.0.tgz",
          "integrity": "sha1-M2Hs+jymwYKDOA3Qu5VG85D17Oc="
        },
        "split2": {
          "version": "2.1.0",
          "resolved": "https://registry.npmjs.org/split2/-/split2-2.1.0.tgz",
          "integrity": "sha1-c4LBSMtiLEsor3xyf5Zzcwtz9HQ=",
          "requires": {
            "through2": "~2.0.0"
          },
          "dependencies": {
            "through2": {
              "version": "2.0.1",
              "resolved": "https://registry.npmjs.org/through2/-/through2-2.0.1.tgz",
              "integrity": "sha1-OE51MU1J8y3hLuu4E2uOtrXVnak=",
              "requires": {
                "readable-stream": "~2.0.0",
                "xtend": "~4.0.0"
              },
              "dependencies": {
                "readable-stream": {
                  "version": "2.0.6",
                  "resolved": "https://registry.npmjs.org/readable-stream/-/readable-stream-2.0.6.tgz",
                  "integrity": "sha1-j5A0HmilPMySh4jaz80Rs265t44=",
                  "requires": {
                    "core-util-is": "~1.0.0",
                    "inherits": "~2.0.1",
                    "isarray": "~1.0.0",
                    "process-nextick-args": "~1.0.6",
                    "string_decoder": "~0.10.x",
                    "util-deprecate": "~1.0.1"
                  },
                  "dependencies": {
                    "core-util-is": {
                      "version": "1.0.2",
                      "resolved": "https://registry.npmjs.org/core-util-is/-/core-util-is-1.0.2.tgz",
                      "integrity": "sha1-tf1UIgqivFq1eqtxQMlAdUUDwac="
                    },
                    "isarray": {
                      "version": "1.0.0",
                      "resolved": "https://registry.npmjs.org/isarray/-/isarray-1.0.0.tgz",
                      "integrity": "sha1-u5NdSFgsuhaMBoNJV6VKPgcSTxE="
                    },
                    "process-nextick-args": {
                      "version": "1.0.7",
                      "resolved": "https://registry.npmjs.org/process-nextick-args/-/process-nextick-args-1.0.7.tgz",
                      "integrity": "sha1-FQ4gt1ZZCtP5EJPyWk8q2L/zC6M="
                    },
                    "string_decoder": {
                      "version": "0.10.31",
                      "resolved": "https://registry.npmjs.org/string_decoder/-/string_decoder-0.10.31.tgz",
                      "integrity": "sha1-YuIDvEF2bGwoyfyEMB2rHFMQ+pQ="
                    },
                    "util-deprecate": {
                      "version": "1.0.2",
                      "resolved": "https://registry.npmjs.org/util-deprecate/-/util-deprecate-1.0.2.tgz",
                      "integrity": "sha1-RQ1Nyfpw3nMnYvvS1KKJgUGaDM8="
                    }
                  }
                }
              }
            }
          }
        },
        "websocket-stream": {
          "version": "3.2.1",
          "resolved": "https://registry.npmjs.org/websocket-stream/-/websocket-stream-3.2.1.tgz",
          "integrity": "sha1-NEYplA6479WA/tD95tBhe0QiIzU=",
          "requires": {
            "duplexify": "^3.2.0",
            "inherits": "^2.0.1",
            "through2": "^2.0.0",
            "ws": "^1.0.1",
            "xtend": "^4.0.0"
          },
          "dependencies": {
            "duplexify": {
              "version": "3.4.5",
              "resolved": "https://registry.npmjs.org/duplexify/-/duplexify-3.4.5.tgz",
              "integrity": "sha1-Dn4oenda91O/V+bnt/IfGD9sOlM=",
              "requires": {
                "end-of-stream": "1.0.0",
                "inherits": "^2.0.1",
                "readable-stream": "^2.0.0",
                "stream-shift": "^1.0.0"
              },
              "dependencies": {
                "end-of-stream": {
                  "version": "1.0.0",
                  "resolved": "https://registry.npmjs.org/end-of-stream/-/end-of-stream-1.0.0.tgz",
                  "integrity": "sha1-1FlucCc0qT5A6a+GQxnqvZn/Lw4=",
                  "requires": {
                    "once": "~1.3.0"
                  },
                  "dependencies": {
                    "once": {
                      "version": "1.3.3",
                      "resolved": "https://registry.npmjs.org/once/-/once-1.3.3.tgz",
                      "integrity": "sha1-suJhVXzkwxTsgwTz+oJmPkKXyiA=",
                      "requires": {
                        "wrappy": "1"
                      },
                      "dependencies": {
                        "wrappy": {
                          "version": "1.0.2",
                          "resolved": "https://registry.npmjs.org/wrappy/-/wrappy-1.0.2.tgz",
                          "integrity": "sha1-tSQ9jz7BqjXxNkYFvA0QNuMKtp8="
                        }
                      }
                    }
                  }
                },
                "readable-stream": {
                  "version": "2.1.5",
                  "resolved": "https://registry.npmjs.org/readable-stream/-/readable-stream-2.1.5.tgz",
                  "integrity": "sha1-ZvqLcg4UOLNkaB8q0aY8YYRIydA=",
                  "requires": {
                    "buffer-shims": "^1.0.0",
                    "core-util-is": "~1.0.0",
                    "inherits": "~2.0.1",
                    "isarray": "~1.0.0",
                    "process-nextick-args": "~1.0.6",
                    "string_decoder": "~0.10.x",
                    "util-deprecate": "~1.0.1"
                  },
                  "dependencies": {
                    "buffer-shims": {
                      "version": "1.0.0",
                      "resolved": "https://registry.npmjs.org/buffer-shims/-/buffer-shims-1.0.0.tgz",
                      "integrity": "sha1-mXjOMXOIxkmth5MCjDR37wRKi1E="
                    },
                    "core-util-is": {
                      "version": "1.0.2",
                      "resolved": "https://registry.npmjs.org/core-util-is/-/core-util-is-1.0.2.tgz",
                      "integrity": "sha1-tf1UIgqivFq1eqtxQMlAdUUDwac="
                    },
                    "isarray": {
                      "version": "1.0.0",
                      "resolved": "https://registry.npmjs.org/isarray/-/isarray-1.0.0.tgz",
                      "integrity": "sha1-u5NdSFgsuhaMBoNJV6VKPgcSTxE="
                    },
                    "process-nextick-args": {
                      "version": "1.0.7",
                      "resolved": "https://registry.npmjs.org/process-nextick-args/-/process-nextick-args-1.0.7.tgz",
                      "integrity": "sha1-FQ4gt1ZZCtP5EJPyWk8q2L/zC6M="
                    },
                    "string_decoder": {
                      "version": "0.10.31",
                      "resolved": "https://registry.npmjs.org/string_decoder/-/string_decoder-0.10.31.tgz",
                      "integrity": "sha1-YuIDvEF2bGwoyfyEMB2rHFMQ+pQ="
                    },
                    "util-deprecate": {
                      "version": "1.0.2",
                      "resolved": "https://registry.npmjs.org/util-deprecate/-/util-deprecate-1.0.2.tgz",
                      "integrity": "sha1-RQ1Nyfpw3nMnYvvS1KKJgUGaDM8="
                    }
                  }
                },
                "stream-shift": {
                  "version": "1.0.0",
                  "resolved": "https://registry.npmjs.org/stream-shift/-/stream-shift-1.0.0.tgz",
                  "integrity": "sha1-1cdSgl5TZ+eG944Y5EXqIjoVWVI="
                }
              }
            },
            "through2": {
              "version": "2.0.1",
              "resolved": "https://registry.npmjs.org/through2/-/through2-2.0.1.tgz",
              "integrity": "sha1-OE51MU1J8y3hLuu4E2uOtrXVnak=",
              "requires": {
                "readable-stream": "~2.0.0",
                "xtend": "~4.0.0"
              },
              "dependencies": {
                "readable-stream": {
                  "version": "2.0.6",
                  "resolved": "https://registry.npmjs.org/readable-stream/-/readable-stream-2.0.6.tgz",
                  "integrity": "sha1-j5A0HmilPMySh4jaz80Rs265t44=",
                  "requires": {
                    "core-util-is": "~1.0.0",
                    "inherits": "~2.0.1",
                    "isarray": "~1.0.0",
                    "process-nextick-args": "~1.0.6",
                    "string_decoder": "~0.10.x",
                    "util-deprecate": "~1.0.1"
                  },
                  "dependencies": {
                    "core-util-is": {
                      "version": "1.0.2",
                      "resolved": "https://registry.npmjs.org/core-util-is/-/core-util-is-1.0.2.tgz",
                      "integrity": "sha1-tf1UIgqivFq1eqtxQMlAdUUDwac="
                    },
                    "isarray": {
                      "version": "1.0.0",
                      "resolved": "https://registry.npmjs.org/isarray/-/isarray-1.0.0.tgz",
                      "integrity": "sha1-u5NdSFgsuhaMBoNJV6VKPgcSTxE="
                    },
                    "process-nextick-args": {
                      "version": "1.0.7",
                      "resolved": "https://registry.npmjs.org/process-nextick-args/-/process-nextick-args-1.0.7.tgz",
                      "integrity": "sha1-FQ4gt1ZZCtP5EJPyWk8q2L/zC6M="
                    },
                    "string_decoder": {
                      "version": "0.10.31",
                      "resolved": "https://registry.npmjs.org/string_decoder/-/string_decoder-0.10.31.tgz",
                      "integrity": "sha1-YuIDvEF2bGwoyfyEMB2rHFMQ+pQ="
                    },
                    "util-deprecate": {
                      "version": "1.0.2",
                      "resolved": "https://registry.npmjs.org/util-deprecate/-/util-deprecate-1.0.2.tgz",
                      "integrity": "sha1-RQ1Nyfpw3nMnYvvS1KKJgUGaDM8="
                    }
                  }
                }
              }
            },
            "ws": {
              "version": "1.1.1",
              "resolved": "https://registry.npmjs.org/ws/-/ws-1.1.1.tgz",
              "integrity": "sha1-CC3bbGQehdS7RR8D1S8G6r2x8Bg=",
              "requires": {
                "options": ">=0.0.5",
                "ultron": "1.0.x"
              },
              "dependencies": {
                "options": {
                  "version": "0.0.6",
                  "resolved": "https://registry.npmjs.org/options/-/options-0.0.6.tgz",
                  "integrity": "sha1-7CLTEoBrtT5zF3Pnza788cZDEo8="
                },
                "ultron": {
                  "version": "1.0.2",
                  "resolved": "https://registry.npmjs.org/ultron/-/ultron-1.0.2.tgz",
                  "integrity": "sha1-rOEWq1V80Zc4ak6I9GhTeMiy5Po="
                }
              }
            }
          }
        },
        "xtend": {
          "version": "4.0.1",
          "resolved": "https://registry.npmjs.org/xtend/-/xtend-4.0.1.tgz",
          "integrity": "sha1-pcbVMr5lbiPbgg77lDofBJmNY68="
        }
      }
    },
    "nan": {
      "version": "2.8.0",
      "resolved": "https://registry.npmjs.org/nan/-/nan-2.8.0.tgz",
      "integrity": "sha1-7XFfP+neArV6XmJS2QqWZ14fCFo="
    },
    "nodemailer": {
      "version": "2.7.2",
      "resolved": "https://registry.npmjs.org/nodemailer/-/nodemailer-2.7.2.tgz",
      "integrity": "sha1-8kLmSa7q45tsftdA73sGHEBNMPk=",
      "requires": {
        "libmime": "3.0.0",
        "mailcomposer": "4.0.1",
        "nodemailer-direct-transport": "3.3.2",
        "nodemailer-shared": "1.1.0",
        "nodemailer-smtp-pool": "2.8.2",
        "nodemailer-smtp-transport": "2.7.2",
        "socks": "1.1.9"
      }
    },
    "nodemailer-direct-transport": {
      "version": "3.3.2",
      "resolved": "https://registry.npmjs.org/nodemailer-direct-transport/-/nodemailer-direct-transport-3.3.2.tgz",
      "integrity": "sha1-6W+vuQNYVglH5WkBfZfmBzilCoY=",
      "requires": {
        "nodemailer-shared": "1.1.0",
        "smtp-connection": "2.12.0"
      }
    },
    "nodemailer-fetch": {
      "version": "1.6.0",
      "resolved": "https://registry.npmjs.org/nodemailer-fetch/-/nodemailer-fetch-1.6.0.tgz",
      "integrity": "sha1-ecSQihwPXzdbc/6IjamCj23JY6Q="
    },
    "nodemailer-shared": {
      "version": "1.1.0",
      "resolved": "https://registry.npmjs.org/nodemailer-shared/-/nodemailer-shared-1.1.0.tgz",
      "integrity": "sha1-z1mU4v0mjQD1zw+nZ6CBae2wfsA=",
      "requires": {
        "nodemailer-fetch": "1.6.0"
      }
    },
    "nodemailer-smtp-pool": {
      "version": "2.8.2",
      "resolved": "https://registry.npmjs.org/nodemailer-smtp-pool/-/nodemailer-smtp-pool-2.8.2.tgz",
      "integrity": "sha1-LrlNbPhXgLG0clzoU7nL1ejajHI=",
      "requires": {
        "nodemailer-shared": "1.1.0",
        "nodemailer-wellknown": "0.1.10",
        "smtp-connection": "2.12.0"
      }
    },
    "nodemailer-smtp-transport": {
      "version": "2.7.2",
      "resolved": "https://registry.npmjs.org/nodemailer-smtp-transport/-/nodemailer-smtp-transport-2.7.2.tgz",
      "integrity": "sha1-A9ccdjFPFKx9vHvwM6am0W1n+3c=",
      "requires": {
        "nodemailer-shared": "1.1.0",
        "nodemailer-wellknown": "0.1.10",
        "smtp-connection": "2.12.0"
      }
    },
    "nodemailer-wellknown": {
      "version": "0.1.10",
      "resolved": "https://registry.npmjs.org/nodemailer-wellknown/-/nodemailer-wellknown-0.1.10.tgz",
      "integrity": "sha1-WG24EB2zDLRDjrVGc3pBqtDPE9U="
    },
    "onoff": {
      "version": "1.2.0",
      "resolved": "https://registry.npmjs.org/onoff/-/onoff-1.2.0.tgz",
      "integrity": "sha512-o41qBIIs6agXRjryGBIJpq1xour69VDBfROf3IX+wiwutIowPZDcjTRCqFo+HYleiQngO1wfNqHWpjm0l0oYwQ==",
      "requires": {
        "epoll": "~1.0.2"
      }
    },
    "punycode": {
      "version": "1.4.1",
      "resolved": "https://registry.npmjs.org/punycode/-/punycode-1.4.1.tgz",
      "integrity": "sha1-wNWmOycYgArY4esPpSachN1BhF4="
    },
    "smart-buffer": {
      "version": "1.1.15",
      "resolved": "https://registry.npmjs.org/smart-buffer/-/smart-buffer-1.1.15.tgz",
      "integrity": "sha1-fxFLW2X6s+KjWqd1uxLw0cZJvxY="
    },
    "smtp-connection": {
      "version": "2.12.0",
      "resolved": "https://registry.npmjs.org/smtp-connection/-/smtp-connection-2.12.0.tgz",
      "integrity": "sha1-1275EnyyPCJZ7bHoNJwujV4tdME=",
      "requires": {
        "httpntlm": "1.6.1",
        "nodemailer-shared": "1.1.0"
      }
    },
    "socks": {
      "version": "1.1.9",
      "resolved": "https://registry.npmjs.org/socks/-/socks-1.1.9.tgz",
      "integrity": "sha1-Yo1+TQSRJDVEWsC25Fk3bLPm1pE=",
      "requires": {
        "ip": "^1.1.2",
        "smart-buffer": "^1.0.4"
      }
    },
    "underscore": {
      "version": "1.7.0",
      "resolved": "https://registry.npmjs.org/underscore/-/underscore-1.7.0.tgz",
      "integrity": "sha1-a7rwh3UA02vjTsqlhODbn+8DUgk="
    }
  }
}
